// !$*UTF8*$!
{
	archiveVersion = 1;
	classes = {
	};
	objectVersion = 50;
	objects = {

/* Begin PBXBuildFile section */
		556257D1219B2AD10089398D /* AppDelegate.swift in Sources */ = {isa = PBXBuildFile; fileRef = 556257D0219B2AD10089398D /* AppDelegate.swift */; };
		556257D6219B2AD10089398D /* Main.storyboard in Resources */ = {isa = PBXBuildFile; fileRef = 556257D4219B2AD10089398D /* Main.storyboard */; };
		556257DB219B2AD20089398D /* LaunchScreen.storyboard in Resources */ = {isa = PBXBuildFile; fileRef = 556257D9219B2AD20089398D /* LaunchScreen.storyboard */; };
		556257E3219B4B430089398D /* Assets.xcassets in Resources */ = {isa = PBXBuildFile; fileRef = 556257E2219B4B430089398D /* Assets.xcassets */; };
		55B42C1021C4289000531940 /* UILabelExtension.swift in Sources */ = {isa = PBXBuildFile; fileRef = 55B42C0F21C4289000531940 /* UILabelExtension.swift */; };
		55BD9B4621C5357900EC155D /* UIImageViewExtension.swift in Sources */ = {isa = PBXBuildFile; fileRef = 55BD9B4521C5357900EC155D /* UIImageViewExtension.swift */; };
		9716A95921C798E0002A18D2 /* FeaturedGamesViewController.swift in Sources */ = {isa = PBXBuildFile; fileRef = 9716A95821C798E0002A18D2 /* FeaturedGamesViewController.swift */; };
		9716A95B21C79EC4002A18D2 /* GameTableViewCell.swift in Sources */ = {isa = PBXBuildFile; fileRef = 9716A95A21C79EC4002A18D2 /* GameTableViewCell.swift */; };
		9784184421C3EB6B005AE126 /* RequestListViewController.swift in Sources */ = {isa = PBXBuildFile; fileRef = 9784184321C3EB6B005AE126 /* RequestListViewController.swift */; };
		9784184821C3F3A0005AE126 /* RequestTableViewCell.swift in Sources */ = {isa = PBXBuildFile; fileRef = 9784184721C3F3A0005AE126 /* RequestTableViewCell.swift */; };
		9784184B21C3F715005AE126 /* Request.swift in Sources */ = {isa = PBXBuildFile; fileRef = 9784184A21C3F715005AE126 /* Request.swift */; };
		9784185021C40A09005AE126 /* SummonerViewController.swift in Sources */ = {isa = PBXBuildFile; fileRef = 9784184F21C40A09005AE126 /* SummonerViewController.swift */; };
		9784185221C412A4005AE126 /* LeagueAPIDemo.swift in Sources */ = {isa = PBXBuildFile; fileRef = 9784185121C412A4005AE126 /* LeagueAPIDemo.swift */; };
		97C33CAB21CD650300AA8256 /* ChampionViewController.swift in Sources */ = {isa = PBXBuildFile; fileRef = 97C33CAA21CD650300AA8256 /* ChampionViewController.swift */; };
		97C33CAD21CD684F00AA8256 /* SpellTableViewCell.swift in Sources */ = {isa = PBXBuildFile; fileRef = 97C33CAC21CD684F00AA8256 /* SpellTableViewCell.swift */; };
		97C33CAF21CD6A7F00AA8256 /* UITextViewExtension.swift in Sources */ = {isa = PBXBuildFile; fileRef = 97C33CAE21CD6A7F00AA8256 /* UITextViewExtension.swift */; };
		97C33CB121CD7A0700AA8256 /* LiveGameViewController.swift in Sources */ = {isa = PBXBuildFile; fileRef = 97C33CB021CD7A0700AA8256 /* LiveGameViewController.swift */; };
		97C33CB321CE614200AA8256 /* MatchHistoryViewController.swift in Sources */ = {isa = PBXBuildFile; fileRef = 97C33CB221CE614200AA8256 /* MatchHistoryViewController.swift */; };
		97C33CB521CE751200AA8256 /* MatchTableViewCell.swift in Sources */ = {isa = PBXBuildFile; fileRef = 97C33CB421CE751200AA8256 /* MatchTableViewCell.swift */; };
		97C604E521C7A86200F52546 /* LeagueAPI.framework in Frameworks */ = {isa = PBXBuildFile; fileRef = 97C604E421C7A86200F52546 /* LeagueAPI.framework */; };
		97C604E621C7A86200F52546 /* LeagueAPI.framework in Embed Frameworks */ = {isa = PBXBuildFile; fileRef = 97C604E421C7A86200F52546 /* LeagueAPI.framework */; settings = {ATTRIBUTES = (CodeSignOnCopy, RemoveHeadersOnCopy, ); }; };
		97C604E921C7A91D00F52546 /* UITableViewExtension.swift in Sources */ = {isa = PBXBuildFile; fileRef = 97C604E821C7A91D00F52546 /* UITableViewExtension.swift */; };
		97C604EB21C7B00800F52546 /* PlayerTableViewCell.swift in Sources */ = {isa = PBXBuildFile; fileRef = 97C604EA21C7B00800F52546 /* PlayerTableViewCell.swift */; };
		97C604ED21C7B12800F52546 /* GameViewController.swift in Sources */ = {isa = PBXBuildFile; fileRef = 97C604EC21C7B12800F52546 /* GameViewController.swift */; };
		97C604EF21C7BB3300F52546 /* BanTableViewCell.swift in Sources */ = {isa = PBXBuildFile; fileRef = 97C604EE21C7BB3300F52546 /* BanTableViewCell.swift */; };
		97C604F221C7C04700F52546 /* ArrayExtension.swift in Sources */ = {isa = PBXBuildFile; fileRef = 97C604F121C7C04700F52546 /* ArrayExtension.swift */; };
		97C604F421C7C56800F52546 /* ChampionRotationViewController.swift in Sources */ = {isa = PBXBuildFile; fileRef = 97C604F321C7C56800F52546 /* ChampionRotationViewController.swift */; };
		97C604F621C7C5A200F52546 /* ChampionTableViewCell.swift in Sources */ = {isa = PBXBuildFile; fileRef = 97C604F521C7C5A200F52546 /* ChampionTableViewCell.swift */; };
/* End PBXBuildFile section */

/* Begin PBXCopyFilesBuildPhase section */
		97C604E721C7A86200F52546 /* Embed Frameworks */ = {
			isa = PBXCopyFilesBuildPhase;
			buildActionMask = 2147483647;
			dstPath = "";
			dstSubfolderSpec = 10;
			files = (
				97C604E621C7A86200F52546 /* LeagueAPI.framework in Embed Frameworks */,
			);
			name = "Embed Frameworks";
			runOnlyForDeploymentPostprocessing = 0;
		};
/* End PBXCopyFilesBuildPhase section */

/* Begin PBXFileReference section */
		556257CD219B2AD10089398D /* LeagueAPIDemo.app */ = {isa = PBXFileReference; explicitFileType = wrapper.application; includeInIndex = 0; path = LeagueAPIDemo.app; sourceTree = BUILT_PRODUCTS_DIR; };
		556257D0219B2AD10089398D /* AppDelegate.swift */ = {isa = PBXFileReference; lastKnownFileType = sourcecode.swift; path = AppDelegate.swift; sourceTree = "<group>"; };
		556257D5219B2AD10089398D /* Base */ = {isa = PBXFileReference; lastKnownFileType = file.storyboard; name = Base; path = Base.lproj/Main.storyboard; sourceTree = "<group>"; };
		556257DA219B2AD20089398D /* Base */ = {isa = PBXFileReference; lastKnownFileType = file.storyboard; name = Base; path = Base.lproj/LaunchScreen.storyboard; sourceTree = "<group>"; };
		556257DC219B2AD20089398D /* Info.plist */ = {isa = PBXFileReference; lastKnownFileType = text.plist.xml; path = Info.plist; sourceTree = "<group>"; };
		556257E2219B4B430089398D /* Assets.xcassets */ = {isa = PBXFileReference; lastKnownFileType = folder.assetcatalog; path = Assets.xcassets; sourceTree = "<group>"; };
		55B42C0A21C426C600531940 /* LeagueAPI.framework */ = {isa = PBXFileReference; lastKnownFileType = wrapper.framework; name = LeagueAPI.framework; path = Carthage/Build/iOS/LeagueAPI.framework; sourceTree = "<group>"; };
		55B42C0F21C4289000531940 /* UILabelExtension.swift */ = {isa = PBXFileReference; lastKnownFileType = sourcecode.swift; path = UILabelExtension.swift; sourceTree = "<group>"; };
		55BD9B4521C5357900EC155D /* UIImageViewExtension.swift */ = {isa = PBXFileReference; lastKnownFileType = sourcecode.swift; path = UIImageViewExtension.swift; sourceTree = "<group>"; };
		9716A95821C798E0002A18D2 /* FeaturedGamesViewController.swift */ = {isa = PBXFileReference; lastKnownFileType = sourcecode.swift; path = FeaturedGamesViewController.swift; sourceTree = "<group>"; };
		9716A95A21C79EC4002A18D2 /* GameTableViewCell.swift */ = {isa = PBXFileReference; lastKnownFileType = sourcecode.swift; path = GameTableViewCell.swift; sourceTree = "<group>"; };
		9784184321C3EB6B005AE126 /* RequestListViewController.swift */ = {isa = PBXFileReference; lastKnownFileType = sourcecode.swift; path = RequestListViewController.swift; sourceTree = "<group>"; };
		9784184721C3F3A0005AE126 /* RequestTableViewCell.swift */ = {isa = PBXFileReference; lastKnownFileType = sourcecode.swift; path = RequestTableViewCell.swift; sourceTree = "<group>"; };
		9784184A21C3F715005AE126 /* Request.swift */ = {isa = PBXFileReference; lastKnownFileType = sourcecode.swift; path = Request.swift; sourceTree = "<group>"; };
		9784184F21C40A09005AE126 /* SummonerViewController.swift */ = {isa = PBXFileReference; lastKnownFileType = sourcecode.swift; path = SummonerViewController.swift; sourceTree = "<group>"; };
		9784185121C412A4005AE126 /* LeagueAPIDemo.swift */ = {isa = PBXFileReference; lastKnownFileType = sourcecode.swift; path = LeagueAPIDemo.swift; sourceTree = "<group>"; };
		97C33CAA21CD650300AA8256 /* ChampionViewController.swift */ = {isa = PBXFileReference; lastKnownFileType = sourcecode.swift; path = ChampionViewController.swift; sourceTree = "<group>"; };
		97C33CAC21CD684F00AA8256 /* SpellTableViewCell.swift */ = {isa = PBXFileReference; lastKnownFileType = sourcecode.swift; path = SpellTableViewCell.swift; sourceTree = "<group>"; };
		97C33CAE21CD6A7F00AA8256 /* UITextViewExtension.swift */ = {isa = PBXFileReference; lastKnownFileType = sourcecode.swift; path = UITextViewExtension.swift; sourceTree = "<group>"; };
		97C33CB021CD7A0700AA8256 /* LiveGameViewController.swift */ = {isa = PBXFileReference; lastKnownFileType = sourcecode.swift; path = LiveGameViewController.swift; sourceTree = "<group>"; };
		97C33CB221CE614200AA8256 /* MatchHistoryViewController.swift */ = {isa = PBXFileReference; lastKnownFileType = sourcecode.swift; path = MatchHistoryViewController.swift; sourceTree = "<group>"; };
		97C33CB421CE751200AA8256 /* MatchTableViewCell.swift */ = {isa = PBXFileReference; lastKnownFileType = sourcecode.swift; path = MatchTableViewCell.swift; sourceTree = "<group>"; };
		97C604E421C7A86200F52546 /* LeagueAPI.framework */ = {isa = PBXFileReference; lastKnownFileType = wrapper.framework; name = LeagueAPI.framework; path = Carthage/Build/iOS/LeagueAPI.framework; sourceTree = "<group>"; };
		97C604E821C7A91D00F52546 /* UITableViewExtension.swift */ = {isa = PBXFileReference; lastKnownFileType = sourcecode.swift; path = UITableViewExtension.swift; sourceTree = "<group>"; };
		97C604EA21C7B00800F52546 /* PlayerTableViewCell.swift */ = {isa = PBXFileReference; lastKnownFileType = sourcecode.swift; path = PlayerTableViewCell.swift; sourceTree = "<group>"; };
		97C604EC21C7B12800F52546 /* GameViewController.swift */ = {isa = PBXFileReference; lastKnownFileType = sourcecode.swift; path = GameViewController.swift; sourceTree = "<group>"; };
		97C604EE21C7BB3300F52546 /* BanTableViewCell.swift */ = {isa = PBXFileReference; lastKnownFileType = sourcecode.swift; path = BanTableViewCell.swift; sourceTree = "<group>"; };
		97C604F121C7C04700F52546 /* ArrayExtension.swift */ = {isa = PBXFileReference; lastKnownFileType = sourcecode.swift; path = ArrayExtension.swift; sourceTree = "<group>"; };
		97C604F321C7C56800F52546 /* ChampionRotationViewController.swift */ = {isa = PBXFileReference; lastKnownFileType = sourcecode.swift; path = ChampionRotationViewController.swift; sourceTree = "<group>"; };
		97C604F521C7C5A200F52546 /* ChampionTableViewCell.swift */ = {isa = PBXFileReference; lastKnownFileType = sourcecode.swift; path = ChampionTableViewCell.swift; sourceTree = "<group>"; };
/* End PBXFileReference section */

/* Begin PBXFrameworksBuildPhase section */
		556257CA219B2AD10089398D /* Frameworks */ = {
			isa = PBXFrameworksBuildPhase;
			buildActionMask = 2147483647;
			files = (
				97C604E521C7A86200F52546 /* LeagueAPI.framework in Frameworks */,
			);
			runOnlyForDeploymentPostprocessing = 0;
		};
/* End PBXFrameworksBuildPhase section */

/* Begin PBXGroup section */
		55474D7921AC220E00A52488 /* Frameworks */ = {
			isa = PBXGroup;
			children = (
				55B42C0A21C426C600531940 /* LeagueAPI.framework */,
			);
			name = Frameworks;
			sourceTree = "<group>";
		};
		556257C4219B2AD10089398D = {
			isa = PBXGroup;
			children = (
				97C604E421C7A86200F52546 /* LeagueAPI.framework */,
				556257CF219B2AD10089398D /* LeagueAPIDemo */,
				556257CE219B2AD10089398D /* Products */,
				55474D7921AC220E00A52488 /* Frameworks */,
			);
			sourceTree = "<group>";
		};
		556257CE219B2AD10089398D /* Products */ = {
			isa = PBXGroup;
			children = (
				556257CD219B2AD10089398D /* LeagueAPIDemo.app */,
			);
			name = Products;
			sourceTree = "<group>";
		};
		556257CF219B2AD10089398D /* LeagueAPIDemo */ = {
			isa = PBXGroup;
			children = (
				9784184221C3EAF9005AE126 /* Controllers */,
				9784184921C3F6CB005AE126 /* Models */,
				9784184521C3F366005AE126 /* UIElements */,
				97C604F021C7C02D00F52546 /* Utils */,
				556257D0219B2AD10089398D /* AppDelegate.swift */,
				9784185121C412A4005AE126 /* LeagueAPIDemo.swift */,
				556257D4219B2AD10089398D /* Main.storyboard */,
				556257D9219B2AD20089398D /* LaunchScreen.storyboard */,
				556257DC219B2AD20089398D /* Info.plist */,
				556257E2219B4B430089398D /* Assets.xcassets */,
			);
			path = LeagueAPIDemo;
			sourceTree = "<group>";
		};
		9784184221C3EAF9005AE126 /* Controllers */ = {
			isa = PBXGroup;
			children = (
				9784184321C3EB6B005AE126 /* RequestListViewController.swift */,
				9716A95821C798E0002A18D2 /* FeaturedGamesViewController.swift */,
				9784184F21C40A09005AE126 /* SummonerViewController.swift */,
				97C604EC21C7B12800F52546 /* GameViewController.swift */,
				97C604F321C7C56800F52546 /* ChampionRotationViewController.swift */,
				97C33CAA21CD650300AA8256 /* ChampionViewController.swift */,
				97C33CB021CD7A0700AA8256 /* LiveGameViewController.swift */,
				97C33CB221CE614200AA8256 /* MatchHistoryViewController.swift */,
			);
			path = Controllers;
			sourceTree = "<group>";
		};
		9784184521C3F366005AE126 /* UIElements */ = {
			isa = PBXGroup;
			children = (
				9784184621C3F376005AE126 /* UICells */,
				55B42C0F21C4289000531940 /* UILabelExtension.swift */,
				55BD9B4521C5357900EC155D /* UIImageViewExtension.swift */,
				97C604E821C7A91D00F52546 /* UITableViewExtension.swift */,
				97C33CAE21CD6A7F00AA8256 /* UITextViewExtension.swift */,
			);
			path = UIElements;
			sourceTree = "<group>";
		};
		9784184621C3F376005AE126 /* UICells */ = {
			isa = PBXGroup;
			children = (
				9784184721C3F3A0005AE126 /* RequestTableViewCell.swift */,
				9716A95A21C79EC4002A18D2 /* GameTableViewCell.swift */,
				97C604EA21C7B00800F52546 /* PlayerTableViewCell.swift */,
				97C604EE21C7BB3300F52546 /* BanTableViewCell.swift */,
				97C604F521C7C5A200F52546 /* ChampionTableViewCell.swift */,
				97C33CAC21CD684F00AA8256 /* SpellTableViewCell.swift */,
				97C33CB421CE751200AA8256 /* MatchTableViewCell.swift */,
			);
			path = UICells;
			sourceTree = "<group>";
		};
		9784184921C3F6CB005AE126 /* Models */ = {
			isa = PBXGroup;
			children = (
				9784184A21C3F715005AE126 /* Request.swift */,
			);
			path = Models;
			sourceTree = "<group>";
		};
		97C604F021C7C02D00F52546 /* Utils */ = {
			isa = PBXGroup;
			children = (
				97C604F121C7C04700F52546 /* ArrayExtension.swift */,
			);
			path = Utils;
			sourceTree = "<group>";
		};
/* End PBXGroup section */

/* Begin PBXNativeTarget section */
		556257CC219B2AD10089398D /* LeagueAPIDemo */ = {
			isa = PBXNativeTarget;
			buildConfigurationList = 556257DF219B2AD20089398D /* Build configuration list for PBXNativeTarget "LeagueAPIDemo" */;
			buildPhases = (
				556257C9219B2AD10089398D /* Sources */,
				556257CA219B2AD10089398D /* Frameworks */,
				556257CB219B2AD10089398D /* Resources */,
				97C604E721C7A86200F52546 /* Embed Frameworks */,
			);
			buildRules = (
			);
			dependencies = (
			);
			name = LeagueAPIDemo;
			productName = LeagueAPIDemo;
			productReference = 556257CD219B2AD10089398D /* LeagueAPIDemo.app */;
			productType = "com.apple.product-type.application";
		};
/* End PBXNativeTarget section */

/* Begin PBXProject section */
		556257C5219B2AD10089398D /* Project object */ = {
			isa = PBXProject;
			attributes = {
				LastSwiftUpdateCheck = 1010;
				LastUpgradeCheck = 1010;
				ORGANIZATIONNAME = "Antoine Clop";
				TargetAttributes = {
					556257CC219B2AD10089398D = {
						CreatedOnToolsVersion = 10.1;
					};
				};
			};
			buildConfigurationList = 556257C8219B2AD10089398D /* Build configuration list for PBXProject "LeagueAPIDemo" */;
			compatibilityVersion = "Xcode 9.3";
			developmentRegion = en;
			hasScannedForEncodings = 0;
			knownRegions = (
				en,
				Base,
			);
			mainGroup = 556257C4219B2AD10089398D;
			productRefGroup = 556257CE219B2AD10089398D /* Products */;
			projectDirPath = "";
			projectRoot = "";
			targets = (
				556257CC219B2AD10089398D /* LeagueAPIDemo */,
			);
		};
/* End PBXProject section */

/* Begin PBXResourcesBuildPhase section */
		556257CB219B2AD10089398D /* Resources */ = {
			isa = PBXResourcesBuildPhase;
			buildActionMask = 2147483647;
			files = (
				556257DB219B2AD20089398D /* LaunchScreen.storyboard in Resources */,
				556257E3219B4B430089398D /* Assets.xcassets in Resources */,
				556257D6219B2AD10089398D /* Main.storyboard in Resources */,
			);
			runOnlyForDeploymentPostprocessing = 0;
		};
/* End PBXResourcesBuildPhase section */

/* Begin PBXSourcesBuildPhase section */
		556257C9219B2AD10089398D /* Sources */ = {
			isa = PBXSourcesBuildPhase;
			buildActionMask = 2147483647;
			files = (
				97C604F221C7C04700F52546 /* ArrayExtension.swift in Sources */,
				97C604EB21C7B00800F52546 /* PlayerTableViewCell.swift in Sources */,
				9716A95921C798E0002A18D2 /* FeaturedGamesViewController.swift in Sources */,
				97C33CB521CE751200AA8256 /* MatchTableViewCell.swift in Sources */,
				9784185221C412A4005AE126 /* LeagueAPIDemo.swift in Sources */,
				97C604F621C7C5A200F52546 /* ChampionTableViewCell.swift in Sources */,
				9784185021C40A09005AE126 /* SummonerViewController.swift in Sources */,
				97C604ED21C7B12800F52546 /* GameViewController.swift in Sources */,
				97C33CAB21CD650300AA8256 /* ChampionViewController.swift in Sources */,
				9784184421C3EB6B005AE126 /* RequestListViewController.swift in Sources */,
				9784184B21C3F715005AE126 /* Request.swift in Sources */,
				97C33CB121CD7A0700AA8256 /* LiveGameViewController.swift in Sources */,
				97C604E921C7A91D00F52546 /* UITableViewExtension.swift in Sources */,
				97C33CB321CE614200AA8256 /* MatchHistoryViewController.swift in Sources */,
				97C33CAD21CD684F00AA8256 /* SpellTableViewCell.swift in Sources */,
				9716A95B21C79EC4002A18D2 /* GameTableViewCell.swift in Sources */,
				55B42C1021C4289000531940 /* UILabelExtension.swift in Sources */,
				556257D1219B2AD10089398D /* AppDelegate.swift in Sources */,
				97C604EF21C7BB3300F52546 /* BanTableViewCell.swift in Sources */,
				97C604F421C7C56800F52546 /* ChampionRotationViewController.swift in Sources */,
				55BD9B4621C5357900EC155D /* UIImageViewExtension.swift in Sources */,
				9784184821C3F3A0005AE126 /* RequestTableViewCell.swift in Sources */,
				97C33CAF21CD6A7F00AA8256 /* UITextViewExtension.swift in Sources */,
			);
			runOnlyForDeploymentPostprocessing = 0;
		};
/* End PBXSourcesBuildPhase section */

/* Begin PBXVariantGroup section */
		556257D4219B2AD10089398D /* Main.storyboard */ = {
			isa = PBXVariantGroup;
			children = (
				556257D5219B2AD10089398D /* Base */,
			);
			name = Main.storyboard;
			sourceTree = "<group>";
		};
		556257D9219B2AD20089398D /* LaunchScreen.storyboard */ = {
			isa = PBXVariantGroup;
			children = (
				556257DA219B2AD20089398D /* Base */,
			);
			name = LaunchScreen.storyboard;
			sourceTree = "<group>";
		};
/* End PBXVariantGroup section */

/* Begin XCBuildConfiguration section */
		556257DD219B2AD20089398D /* Debug */ = {
			isa = XCBuildConfiguration;
			buildSettings = {
				ALWAYS_SEARCH_USER_PATHS = NO;
				CLANG_ANALYZER_NONNULL = YES;
				CLANG_ANALYZER_NUMBER_OBJECT_CONVERSION = YES_AGGRESSIVE;
				CLANG_CXX_LANGUAGE_STANDARD = "gnu++14";
				CLANG_CXX_LIBRARY = "libc++";
				CLANG_ENABLE_MODULES = YES;
				CLANG_ENABLE_OBJC_ARC = YES;
				CLANG_ENABLE_OBJC_WEAK = YES;
				CLANG_WARN_BLOCK_CAPTURE_AUTORELEASING = YES;
				CLANG_WARN_BOOL_CONVERSION = YES;
				CLANG_WARN_COMMA = YES;
				CLANG_WARN_CONSTANT_CONVERSION = YES;
				CLANG_WARN_DEPRECATED_OBJC_IMPLEMENTATIONS = YES;
				CLANG_WARN_DIRECT_OBJC_ISA_USAGE = YES_ERROR;
				CLANG_WARN_DOCUMENTATION_COMMENTS = YES;
				CLANG_WARN_EMPTY_BODY = YES;
				CLANG_WARN_ENUM_CONVERSION = YES;
				CLANG_WARN_INFINITE_RECURSION = YES;
				CLANG_WARN_INT_CONVERSION = YES;
				CLANG_WARN_NON_LITERAL_NULL_CONVERSION = YES;
				CLANG_WARN_OBJC_IMPLICIT_RETAIN_SELF = YES;
				CLANG_WARN_OBJC_LITERAL_CONVERSION = YES;
				CLANG_WARN_OBJC_ROOT_CLASS = YES_ERROR;
				CLANG_WARN_RANGE_LOOP_ANALYSIS = YES;
				CLANG_WARN_STRICT_PROTOTYPES = YES;
				CLANG_WARN_SUSPICIOUS_MOVE = YES;
				CLANG_WARN_UNGUARDED_AVAILABILITY = YES_AGGRESSIVE;
				CLANG_WARN_UNREACHABLE_CODE = YES;
				CLANG_WARN__DUPLICATE_METHOD_MATCH = YES;
				CODE_SIGN_IDENTITY = "iPhone Developer";
				COPY_PHASE_STRIP = NO;
				DEBUG_INFORMATION_FORMAT = dwarf;
				ENABLE_STRICT_OBJC_MSGSEND = YES;
				ENABLE_TESTABILITY = YES;
				FRAMEWORK_SEARCH_PATHS = "";
				GCC_C_LANGUAGE_STANDARD = gnu11;
				GCC_DYNAMIC_NO_PIC = NO;
				GCC_NO_COMMON_BLOCKS = YES;
				GCC_OPTIMIZATION_LEVEL = 0;
				GCC_PREPROCESSOR_DEFINITIONS = (
					"DEBUG=1",
					"$(inherited)",
				);
				GCC_WARN_64_TO_32_BIT_CONVERSION = YES;
				GCC_WARN_ABOUT_RETURN_TYPE = YES_ERROR;
				GCC_WARN_UNDECLARED_SELECTOR = YES;
				GCC_WARN_UNINITIALIZED_AUTOS = YES_AGGRESSIVE;
				GCC_WARN_UNUSED_FUNCTION = YES;
				GCC_WARN_UNUSED_VARIABLE = YES;
				IPHONEOS_DEPLOYMENT_TARGET = 12.1;
				MTL_ENABLE_DEBUG_INFO = INCLUDE_SOURCE;
				MTL_FAST_MATH = YES;
				ONLY_ACTIVE_ARCH = YES;
				SDKROOT = iphoneos;
				SWIFT_ACTIVE_COMPILATION_CONDITIONS = DEBUG;
				SWIFT_OPTIMIZATION_LEVEL = "-Onone";
			};
			name = Debug;
		};
		556257DE219B2AD20089398D /* Release */ = {
			isa = XCBuildConfiguration;
			buildSettings = {
				ALWAYS_SEARCH_USER_PATHS = NO;
				CLANG_ANALYZER_NONNULL = YES;
				CLANG_ANALYZER_NUMBER_OBJECT_CONVERSION = YES_AGGRESSIVE;
				CLANG_CXX_LANGUAGE_STANDARD = "gnu++14";
				CLANG_CXX_LIBRARY = "libc++";
				CLANG_ENABLE_MODULES = YES;
				CLANG_ENABLE_OBJC_ARC = YES;
				CLANG_ENABLE_OBJC_WEAK = YES;
				CLANG_WARN_BLOCK_CAPTURE_AUTORELEASING = YES;
				CLANG_WARN_BOOL_CONVERSION = YES;
				CLANG_WARN_COMMA = YES;
				CLANG_WARN_CONSTANT_CONVERSION = YES;
				CLANG_WARN_DEPRECATED_OBJC_IMPLEMENTATIONS = YES;
				CLANG_WARN_DIRECT_OBJC_ISA_USAGE = YES_ERROR;
				CLANG_WARN_DOCUMENTATION_COMMENTS = YES;
				CLANG_WARN_EMPTY_BODY = YES;
				CLANG_WARN_ENUM_CONVERSION = YES;
				CLANG_WARN_INFINITE_RECURSION = YES;
				CLANG_WARN_INT_CONVERSION = YES;
				CLANG_WARN_NON_LITERAL_NULL_CONVERSION = YES;
				CLANG_WARN_OBJC_IMPLICIT_RETAIN_SELF = YES;
				CLANG_WARN_OBJC_LITERAL_CONVERSION = YES;
				CLANG_WARN_OBJC_ROOT_CLASS = YES_ERROR;
				CLANG_WARN_RANGE_LOOP_ANALYSIS = YES;
				CLANG_WARN_STRICT_PROTOTYPES = YES;
				CLANG_WARN_SUSPICIOUS_MOVE = YES;
				CLANG_WARN_UNGUARDED_AVAILABILITY = YES_AGGRESSIVE;
				CLANG_WARN_UNREACHABLE_CODE = YES;
				CLANG_WARN__DUPLICATE_METHOD_MATCH = YES;
				CODE_SIGN_IDENTITY = "iPhone Developer";
				COPY_PHASE_STRIP = NO;
				DEBUG_INFORMATION_FORMAT = "dwarf-with-dsym";
				ENABLE_NS_ASSERTIONS = NO;
				ENABLE_STRICT_OBJC_MSGSEND = YES;
				FRAMEWORK_SEARCH_PATHS = "";
				GCC_C_LANGUAGE_STANDARD = gnu11;
				GCC_NO_COMMON_BLOCKS = YES;
				GCC_WARN_64_TO_32_BIT_CONVERSION = YES;
				GCC_WARN_ABOUT_RETURN_TYPE = YES_ERROR;
				GCC_WARN_UNDECLARED_SELECTOR = YES;
				GCC_WARN_UNINITIALIZED_AUTOS = YES_AGGRESSIVE;
				GCC_WARN_UNUSED_FUNCTION = YES;
				GCC_WARN_UNUSED_VARIABLE = YES;
				IPHONEOS_DEPLOYMENT_TARGET = 12.1;
				MTL_ENABLE_DEBUG_INFO = NO;
				MTL_FAST_MATH = YES;
				SDKROOT = iphoneos;
				SWIFT_COMPILATION_MODE = wholemodule;
				SWIFT_OPTIMIZATION_LEVEL = "-O";
				VALIDATE_PRODUCT = YES;
			};
			name = Release;
		};
		556257E0219B2AD20089398D /* Debug */ = {
			isa = XCBuildConfiguration;
			buildSettings = {
				ASSETCATALOG_COMPILER_APPICON_NAME = AppIcon;
				CODE_SIGN_STYLE = Automatic;
				DEVELOPMENT_TEAM = 26WDH86H37;
				FRAMEWORK_SEARCH_PATHS = (
					"$(PROJECT_DIR)",
					"$(PROJECT_DIR)/Carthage/Build/iOS",
				);
				INFOPLIST_FILE = LeagueAPIDemo/Info.plist;
				LD_RUNPATH_SEARCH_PATHS = (
					"$(inherited)",
					"@executable_path/Frameworks",
				);
				PRODUCT_BUNDLE_IDENTIFIER = com.kelmatou.LeagueAPIDemo;
				PRODUCT_NAME = "$(TARGET_NAME)";
				SWIFT_VERSION = 4.2;
				TARGETED_DEVICE_FAMILY = "1,2";
			};
			name = Debug;
		};
		556257E1219B2AD20089398D /* Release */ = {
			isa = XCBuildConfiguration;
			buildSettings = {
				ASSETCATALOG_COMPILER_APPICON_NAME = AppIcon;
				CODE_SIGN_STYLE = Automatic;
				DEVELOPMENT_TEAM = 26WDH86H37;
				FRAMEWORK_SEARCH_PATHS = (
					"$(PROJECT_DIR)",
					"$(PROJECT_DIR)/Carthage/Build/iOS",
				);
				INFOPLIST_FILE = LeagueAPIDemo/Info.plist;
				LD_RUNPATH_SEARCH_PATHS = (
					"$(inherited)",
					"@executable_path/Frameworks",
				);
				PRODUCT_BUNDLE_IDENTIFIER = com.kelmatou.LeagueAPIDemo;
				PRODUCT_NAME = "$(TARGET_NAME)";
				SWIFT_VERSION = 4.2;
				TARGETED_DEVICE_FAMILY = "1,2";
			};
			name = Release;
		};
/* End XCBuildConfiguration section */

/* Begin XCConfigurationList section */
		556257C8219B2AD10089398D /* Build configuration list for PBXProject "LeagueAPIDemo" */ = {
			isa = XCConfigurationList;
			buildConfigurations = (
				556257DD219B2AD20089398D /* Debug */,
				556257DE219B2AD20089398D /* Release */,
			);
			defaultConfigurationIsVisible = 0;
			defaultConfigurationName = Release;
		};
		556257DF219B2AD20089398D /* Build configuration list for PBXNativeTarget "LeagueAPIDemo" */ = {
			isa = XCConfigurationList;
			buildConfigurations = (
				556257E0219B2AD20089398D /* Debug */,
				556257E1219B2AD20089398D /* Release */,
			);
			defaultConfigurationIsVisible = 0;
			defaultConfigurationName = Release;
		};
/* End XCConfigurationList section */
	};
	rootObject = 556257C5219B2AD10089398D /* Project object */;
}
